// !$*UTF8*$!
{
	archiveVersion = 1;
	classes = {
	};
	objectVersion = 54;
	objects = {

/* Begin PBXBuildFile section */
		0C80B921A6F3F58F76C31292 /* libPods-filmes_tmdb.a in Frameworks */ = {isa = PBXBuildFile; fileRef = 5DCACB8F33CDC322A6C60F78 /* libPods-filmes_tmdb.a */; };
		13B07FBF1A68108700A75B9A /* Images.xcassets in Resources */ = {isa = PBXBuildFile; fileRef = 13B07FB51A68108700A75B9A /* Images.xcassets */; };
		761780ED2CA45674006654EE /* AppDelegate.swift in Sources */ = {isa = PBXBuildFile; fileRef = 761780EC2CA45674006654EE /* AppDelegate.swift */; };
		81AB9BB82411601600AC10FF /* LaunchScreen.storyboard in Resources */ = {isa = PBXBuildFile; fileRef = 81AB9BB72411601600AC10FF /* LaunchScreen.storyboard */; };
		AD901F90B7514B59AEB2BE44 /* Merriweather-Black.ttf in Resources */ = {isa = PBXBuildFile; fileRef = B3B45206D62943A89BBE5AA6 /* Merriweather-Black.ttf */; };
		645C8331B65C409B9ADFCE13 /* Merriweather-BlackItalic.ttf in Resources */ = {isa = PBXBuildFile; fileRef = 1D45178881474E908E051B79 /* Merriweather-BlackItalic.ttf */; };
		759317DD5570483BA1479CC3 /* Merriweather-Bold.ttf in Resources */ = {isa = PBXBuildFile; fileRef = BD482F51DA1C43D799B3870D /* Merriweather-Bold.ttf */; };
		C1FB25723A174CB58DD25B58 /* Merriweather-BoldItalic.ttf in Resources */ = {isa = PBXBuildFile; fileRef = 7D7B01C640314877AECA9204 /* Merriweather-BoldItalic.ttf */; };
		BFA93FEDC76C460690E8003E /* Merriweather-Italic.ttf in Resources */ = {isa = PBXBuildFile; fileRef = 102FABACA8054AD891258155 /* Merriweather-Italic.ttf */; };
		23C7C1F2D96C42AB99156CE3 /* Merriweather-Light.ttf in Resources */ = {isa = PBXBuildFile; fileRef = A8DA2928D7034A90B6BA5D6F /* Merriweather-Light.ttf */; };
		14FA1B2CBE03438FA00357ED /* Merriweather-LightItalic.ttf in Resources */ = {isa = PBXBuildFile; fileRef = 02B21D33729947E98194F9D0 /* Merriweather-LightItalic.ttf */; };
		14FA9A9B9B564EDAB647DC28 /* Merriweather-Regular.ttf in Resources */ = {isa = PBXBuildFile; fileRef = B102D4B54102427FB477972A /* Merriweather-Regular.ttf */; };
		C1B663DCF59E4BF897B050F0 /* Mulish-Black.ttf in Resources */ = {isa = PBXBuildFile; fileRef = 093676DAF51C47FF99070EDC /* Mulish-Black.ttf */; };
		246A826DF83449BA8B1BFF34 /* Mulish-BlackItalic.ttf in Resources */ = {isa = PBXBuildFile; fileRef = C30E02D673CB4C2FB15ACCBA /* Mulish-BlackItalic.ttf */; };
		DF600EA1836F4C13826FBBA6 /* Mulish-Bold.ttf in Resources */ = {isa = PBXBuildFile; fileRef = 3C1C4E45441D4E8C9842C5DF /* Mulish-Bold.ttf */; };
		2003C6898BAC407D8F71E46E /* Mulish-BoldItalic.ttf in Resources */ = {isa = PBXBuildFile; fileRef = 401ECCFD5B554038B341DC3B /* Mulish-BoldItalic.ttf */; };
		FC54527A3DDB457BA7D02162 /* Mulish-ExtraBold.ttf in Resources */ = {isa = PBXBuildFile; fileRef = 3062F64747B844D8BBD8FC75 /* Mulish-ExtraBold.ttf */; };
		03F55BF8971C48439B1547D5 /* Mulish-ExtraBoldItalic.ttf in Resources */ = {isa = PBXBuildFile; fileRef = 5661DFE773E349B9A933DE4E /* Mulish-ExtraBoldItalic.ttf */; };
		9A7F80D90342409AB1B8DB9A /* Mulish-ExtraLight.ttf in Resources */ = {isa = PBXBuildFile; fileRef = 130D6B6484194FC381411246 /* Mulish-ExtraLight.ttf */; };
		BD46989D5DF64857A66EDFC4 /* Mulish-ExtraLightItalic.ttf in Resources */ = {isa = PBXBuildFile; fileRef = E3E79B589E7E48BA900FA296 /* Mulish-ExtraLightItalic.ttf */; };
		456748782F2C4A2099E5F6B6 /* Mulish-Italic.ttf in Resources */ = {isa = PBXBuildFile; fileRef = B13965D148664061A1AB5343 /* Mulish-Italic.ttf */; };
		5F23AEF70FDD470886E2E784 /* Mulish-Light.ttf in Resources */ = {isa = PBXBuildFile; fileRef = C2F20E2676B4426EB9CCBEB2 /* Mulish-Light.ttf */; };
		8588FA079AFA4C4CAED6F00D /* Mulish-LightItalic.ttf in Resources */ = {isa = PBXBuildFile; fileRef = AB1F996FB2504F49978E5548 /* Mulish-LightItalic.ttf */; };
		1E6186F58F4F4E4EB4426CBD /* Mulish-Medium.ttf in Resources */ = {isa = PBXBuildFile; fileRef = 9CD700A998294088A8F5C548 /* Mulish-Medium.ttf */; };
		C69165B09F344CCD997D7F76 /* Mulish-MediumItalic.ttf in Resources */ = {isa = PBXBuildFile; fileRef = 0BC7D5B8156C436380B2A5BF /* Mulish-MediumItalic.ttf */; };
		4FFAD86BF9554C989A1A0321 /* Mulish-Regular.ttf in Resources */ = {isa = PBXBuildFile; fileRef = C416A96BC905495B956609CB /* Mulish-Regular.ttf */; };
		E894E8F6F46B4243A71B758C /* Mulish-SemiBold.ttf in Resources */ = {isa = PBXBuildFile; fileRef = FD02894CB4984D0E8E73C406 /* Mulish-SemiBold.ttf */; };
		6914D8E3DBD9496DA38B2936 /* Mulish-SemiBoldItalic.ttf in Resources */ = {isa = PBXBuildFile; fileRef = 269F0B4B698F49988D909BD7 /* Mulish-SemiBoldItalic.ttf */; };
/* End PBXBuildFile section */

/* Begin PBXFileReference section */
		13B07F961A680F5B00A75B9A /* filmes_tmdb.app */ = {isa = PBXFileReference; explicitFileType = wrapper.application; includeInIndex = 0; path = filmes_tmdb.app; sourceTree = BUILT_PRODUCTS_DIR; };
		13B07FB51A68108700A75B9A /* Images.xcassets */ = {isa = PBXFileReference; lastKnownFileType = folder.assetcatalog; name = Images.xcassets; path = filmes_tmdb/Images.xcassets; sourceTree = "<group>"; };
		13B07FB61A68108700A75B9A /* Info.plist */ = {isa = PBXFileReference; fileEncoding = 4; lastKnownFileType = text.plist.xml; name = Info.plist; path = filmes_tmdb/Info.plist; sourceTree = "<group>"; };
		13B07FB81A68108700A75B9A /* PrivacyInfo.xcprivacy */ = {isa = PBXFileReference; fileEncoding = 4; lastKnownFileType = text.plist.xml; name = PrivacyInfo.xcprivacy; path = filmes_tmdb/PrivacyInfo.xcprivacy; sourceTree = "<group>"; };
		3B4392A12AC88292D35C810B /* Pods-filmes_tmdb.debug.xcconfig */ = {isa = PBXFileReference; includeInIndex = 1; lastKnownFileType = text.xcconfig; name = "Pods-filmes_tmdb.debug.xcconfig"; path = "Target Support Files/Pods-filmes_tmdb/Pods-filmes_tmdb.debug.xcconfig"; sourceTree = "<group>"; };
		5709B34CF0A7D63546082F79 /* Pods-filmes_tmdb.release.xcconfig */ = {isa = PBXFileReference; includeInIndex = 1; lastKnownFileType = text.xcconfig; name = "Pods-filmes_tmdb.release.xcconfig"; path = "Target Support Files/Pods-filmes_tmdb/Pods-filmes_tmdb.release.xcconfig"; sourceTree = "<group>"; };
		5DCACB8F33CDC322A6C60F78 /* libPods-filmes_tmdb.a */ = {isa = PBXFileReference; explicitFileType = archive.ar; includeInIndex = 0; path = "libPods-filmes_tmdb.a"; sourceTree = BUILT_PRODUCTS_DIR; };
		761780EC2CA45674006654EE /* AppDelegate.swift */ = {isa = PBXFileReference; lastKnownFileType = sourcecode.swift; name = AppDelegate.swift; path = filmes_tmdb/AppDelegate.swift; sourceTree = "<group>"; };
		81AB9BB72411601600AC10FF /* LaunchScreen.storyboard */ = {isa = PBXFileReference; fileEncoding = 4; lastKnownFileType = file.storyboard; name = LaunchScreen.storyboard; path = filmes_tmdb/LaunchScreen.storyboard; sourceTree = "<group>"; };
		ED297162215061F000B7C4FE /* JavaScriptCore.framework */ = {isa = PBXFileReference; lastKnownFileType = wrapper.framework; name = JavaScriptCore.framework; path = System/Library/Frameworks/JavaScriptCore.framework; sourceTree = SDKROOT; };
		B3B45206D62943A89BBE5AA6 /* Merriweather-Black.ttf */ = {isa = PBXFileReference; name = "Merriweather-Black.ttf"; path = "../assets/fonts/Merriweather-Black.ttf"; sourceTree = "<group>"; fileEncoding = undefined; lastKnownFileType = unknown; explicitFileType = undefined; includeInIndex = 0; };
		1D45178881474E908E051B79 /* Merriweather-BlackItalic.ttf */ = {isa = PBXFileReference; name = "Merriweather-BlackItalic.ttf"; path = "../assets/fonts/Merriweather-BlackItalic.ttf"; sourceTree = "<group>"; fileEncoding = undefined; lastKnownFileType = unknown; explicitFileType = undefined; includeInIndex = 0; };
		BD482F51DA1C43D799B3870D /* Merriweather-Bold.ttf */ = {isa = PBXFileReference; name = "Merriweather-Bold.ttf"; path = "../assets/fonts/Merriweather-Bold.ttf"; sourceTree = "<group>"; fileEncoding = undefined; lastKnownFileType = unknown; explicitFileType = undefined; includeInIndex = 0; };
		7D7B01C640314877AECA9204 /* Merriweather-BoldItalic.ttf */ = {isa = PBXFileReference; name = "Merriweather-BoldItalic.ttf"; path = "../assets/fonts/Merriweather-BoldItalic.ttf"; sourceTree = "<group>"; fileEncoding = undefined; lastKnownFileType = unknown; explicitFileType = undefined; includeInIndex = 0; };
		102FABACA8054AD891258155 /* Merriweather-Italic.ttf */ = {isa = PBXFileReference; name = "Merriweather-Italic.ttf"; path = "../assets/fonts/Merriweather-Italic.ttf"; sourceTree = "<group>"; fileEncoding = undefined; lastKnownFileType = unknown; explicitFileType = undefined; includeInIndex = 0; };
		A8DA2928D7034A90B6BA5D6F /* Merriweather-Light.ttf */ = {isa = PBXFileReference; name = "Merriweather-Light.ttf"; path = "../assets/fonts/Merriweather-Light.ttf"; sourceTree = "<group>"; fileEncoding = undefined; lastKnownFileType = unknown; explicitFileType = undefined; includeInIndex = 0; };
		02B21D33729947E98194F9D0 /* Merriweather-LightItalic.ttf */ = {isa = PBXFileReference; name = "Merriweather-LightItalic.ttf"; path = "../assets/fonts/Merriweather-LightItalic.ttf"; sourceTree = "<group>"; fileEncoding = undefined; lastKnownFileType = unknown; explicitFileType = undefined; includeInIndex = 0; };
		B102D4B54102427FB477972A /* Merriweather-Regular.ttf */ = {isa = PBXFileReference; name = "Merriweather-Regular.ttf"; path = "../assets/fonts/Merriweather-Regular.ttf"; sourceTree = "<group>"; fileEncoding = undefined; lastKnownFileType = unknown; explicitFileType = undefined; includeInIndex = 0; };
		093676DAF51C47FF99070EDC /* Mulish-Black.ttf */ = {isa = PBXFileReference; name = "Mulish-Black.ttf"; path = "../assets/fonts/Mulish-Black.ttf"; sourceTree = "<group>"; fileEncoding = undefined; lastKnownFileType = unknown; explicitFileType = undefined; includeInIndex = 0; };
		C30E02D673CB4C2FB15ACCBA /* Mulish-BlackItalic.ttf */ = {isa = PBXFileReference; name = "Mulish-BlackItalic.ttf"; path = "../assets/fonts/Mulish-BlackItalic.ttf"; sourceTree = "<group>"; fileEncoding = undefined; lastKnownFileType = unknown; explicitFileType = undefined; includeInIndex = 0; };
		3C1C4E45441D4E8C9842C5DF /* Mulish-Bold.ttf */ = {isa = PBXFileReference; name = "Mulish-Bold.ttf"; path = "../assets/fonts/Mulish-Bold.ttf"; sourceTree = "<group>"; fileEncoding = undefined; lastKnownFileType = unknown; explicitFileType = undefined; includeInIndex = 0; };
		401ECCFD5B554038B341DC3B /* Mulish-BoldItalic.ttf */ = {isa = PBXFileReference; name = "Mulish-BoldItalic.ttf"; path = "../assets/fonts/Mulish-BoldItalic.ttf"; sourceTree = "<group>"; fileEncoding = undefined; lastKnownFileType = unknown; explicitFileType = undefined; includeInIndex = 0; };
		3062F64747B844D8BBD8FC75 /* Mulish-ExtraBold.ttf */ = {isa = PBXFileReference; name = "Mulish-ExtraBold.ttf"; path = "../assets/fonts/Mulish-ExtraBold.ttf"; sourceTree = "<group>"; fileEncoding = undefined; lastKnownFileType = unknown; explicitFileType = undefined; includeInIndex = 0; };
		5661DFE773E349B9A933DE4E /* Mulish-ExtraBoldItalic.ttf */ = {isa = PBXFileReference; name = "Mulish-ExtraBoldItalic.ttf"; path = "../assets/fonts/Mulish-ExtraBoldItalic.ttf"; sourceTree = "<group>"; fileEncoding = undefined; lastKnownFileType = unknown; explicitFileType = undefined; includeInIndex = 0; };
		130D6B6484194FC381411246 /* Mulish-ExtraLight.ttf */ = {isa = PBXFileReference; name = "Mulish-ExtraLight.ttf"; path = "../assets/fonts/Mulish-ExtraLight.ttf"; sourceTree = "<group>"; fileEncoding = undefined; lastKnownFileType = unknown; explicitFileType = undefined; includeInIndex = 0; };
		E3E79B589E7E48BA900FA296 /* Mulish-ExtraLightItalic.ttf */ = {isa = PBXFileReference; name = "Mulish-ExtraLightItalic.ttf"; path = "../assets/fonts/Mulish-ExtraLightItalic.ttf"; sourceTree = "<group>"; fileEncoding = undefined; lastKnownFileType = unknown; explicitFileType = undefined; includeInIndex = 0; };
		B13965D148664061A1AB5343 /* Mulish-Italic.ttf */ = {isa = PBXFileReference; name = "Mulish-Italic.ttf"; path = "../assets/fonts/Mulish-Italic.ttf"; sourceTree = "<group>"; fileEncoding = undefined; lastKnownFileType = unknown; explicitFileType = undefined; includeInIndex = 0; };
		C2F20E2676B4426EB9CCBEB2 /* Mulish-Light.ttf */ = {isa = PBXFileReference; name = "Mulish-Light.ttf"; path = "../assets/fonts/Mulish-Light.ttf"; sourceTree = "<group>"; fileEncoding = undefined; lastKnownFileType = unknown; explicitFileType = undefined; includeInIndex = 0; };
		AB1F996FB2504F49978E5548 /* Mulish-LightItalic.ttf */ = {isa = PBXFileReference; name = "Mulish-LightItalic.ttf"; path = "../assets/fonts/Mulish-LightItalic.ttf"; sourceTree = "<group>"; fileEncoding = undefined; lastKnownFileType = unknown; explicitFileType = undefined; includeInIndex = 0; };
		9CD700A998294088A8F5C548 /* Mulish-Medium.ttf */ = {isa = PBXFileReference; name = "Mulish-Medium.ttf"; path = "../assets/fonts/Mulish-Medium.ttf"; sourceTree = "<group>"; fileEncoding = undefined; lastKnownFileType = unknown; explicitFileType = undefined; includeInIndex = 0; };
		0BC7D5B8156C436380B2A5BF /* Mulish-MediumItalic.ttf */ = {isa = PBXFileReference; name = "Mulish-MediumItalic.ttf"; path = "../assets/fonts/Mulish-MediumItalic.ttf"; sourceTree = "<group>"; fileEncoding = undefined; lastKnownFileType = unknown; explicitFileType = undefined; includeInIndex = 0; };
		C416A96BC905495B956609CB /* Mulish-Regular.ttf */ = {isa = PBXFileReference; name = "Mulish-Regular.ttf"; path = "../assets/fonts/Mulish-Regular.ttf"; sourceTree = "<group>"; fileEncoding = undefined; lastKnownFileType = unknown; explicitFileType = undefined; includeInIndex = 0; };
		FD02894CB4984D0E8E73C406 /* Mulish-SemiBold.ttf */ = {isa = PBXFileReference; name = "Mulish-SemiBold.ttf"; path = "../assets/fonts/Mulish-SemiBold.ttf"; sourceTree = "<group>"; fileEncoding = undefined; lastKnownFileType = unknown; explicitFileType = undefined; includeInIndex = 0; };
		269F0B4B698F49988D909BD7 /* Mulish-SemiBoldItalic.ttf */ = {isa = PBXFileReference; name = "Mulish-SemiBoldItalic.ttf"; path = "../assets/fonts/Mulish-SemiBoldItalic.ttf"; sourceTree = "<group>"; fileEncoding = undefined; lastKnownFileType = unknown; explicitFileType = undefined; includeInIndex = 0; };
/* End PBXFileReference section */

/* Begin PBXFrameworksBuildPhase section */
		13B07F8C1A680F5B00A75B9A /* Frameworks */ = {
			isa = PBXFrameworksBuildPhase;
			buildActionMask = 2147483647;
			files = (
				0C80B921A6F3F58F76C31292 /* libPods-filmes_tmdb.a in Frameworks */,
			);
			runOnlyForDeploymentPostprocessing = 0;
		};
/* End PBXFrameworksBuildPhase section */

/* Begin PBXGroup section */
		13B07FAE1A68108700A75B9A /* filmes_tmdb */ = {
			isa = PBXGroup;
			children = (
				13B07FB51A68108700A75B9A /* Images.xcassets */,
				761780EC2CA45674006654EE /* AppDelegate.swift */,
				13B07FB61A68108700A75B9A /* Info.plist */,
				81AB9BB72411601600AC10FF /* LaunchScreen.storyboard */,
				13B07FB81A68108700A75B9A /* PrivacyInfo.xcprivacy */,
			);
			name = filmes_tmdb;
			sourceTree = "<group>";
		};
		2D16E6871FA4F8E400B85C8A /* Frameworks */ = {
			isa = PBXGroup;
			children = (
				ED297162215061F000B7C4FE /* JavaScriptCore.framework */,
				5DCACB8F33CDC322A6C60F78 /* libPods-filmes_tmdb.a */,
			);
			name = Frameworks;
			sourceTree = "<group>";
		};
		832341AE1AAA6A7D00B99B32 /* Libraries */ = {
			isa = PBXGroup;
			children = (
			);
			name = Libraries;
			sourceTree = "<group>";
		};
		83CBB9F61A601CBA00E9B192 = {
			isa = PBXGroup;
			children = (
				13B07FAE1A68108700A75B9A /* filmes_tmdb */,
				832341AE1AAA6A7D00B99B32 /* Libraries */,
				83CBBA001A601CBA00E9B192 /* Products */,
				2D16E6871FA4F8E400B85C8A /* Frameworks */,
				BBD78D7AC51CEA395F1C20DB /* Pods */,
				F9660C6D642147C18C18D50B /* Resources */,
			);
			indentWidth = 2;
			sourceTree = "<group>";
			tabWidth = 2;
			usesTabs = 0;
		};
		83CBBA001A601CBA00E9B192 /* Products */ = {
			isa = PBXGroup;
			children = (
				13B07F961A680F5B00A75B9A /* filmes_tmdb.app */,
			);
			name = Products;
			sourceTree = "<group>";
		};
		BBD78D7AC51CEA395F1C20DB /* Pods */ = {
			isa = PBXGroup;
			children = (
				3B4392A12AC88292D35C810B /* Pods-filmes_tmdb.debug.xcconfig */,
				5709B34CF0A7D63546082F79 /* Pods-filmes_tmdb.release.xcconfig */,
			);
			path = Pods;
			sourceTree = "<group>";
		};
		F9660C6D642147C18C18D50B /* Resources */ = {
			isa = "PBXGroup";
			children = (
				B3B45206D62943A89BBE5AA6 /* Merriweather-Black.ttf */,
				1D45178881474E908E051B79 /* Merriweather-BlackItalic.ttf */,
				BD482F51DA1C43D799B3870D /* Merriweather-Bold.ttf */,
				7D7B01C640314877AECA9204 /* Merriweather-BoldItalic.ttf */,
				102FABACA8054AD891258155 /* Merriweather-Italic.ttf */,
				A8DA2928D7034A90B6BA5D6F /* Merriweather-Light.ttf */,
				02B21D33729947E98194F9D0 /* Merriweather-LightItalic.ttf */,
				B102D4B54102427FB477972A /* Merriweather-Regular.ttf */,
				093676DAF51C47FF99070EDC /* Mulish-Black.ttf */,
				C30E02D673CB4C2FB15ACCBA /* Mulish-BlackItalic.ttf */,
				3C1C4E45441D4E8C9842C5DF /* Mulish-Bold.ttf */,
				401ECCFD5B554038B341DC3B /* Mulish-BoldItalic.ttf */,
				3062F64747B844D8BBD8FC75 /* Mulish-ExtraBold.ttf */,
				5661DFE773E349B9A933DE4E /* Mulish-ExtraBoldItalic.ttf */,
				130D6B6484194FC381411246 /* Mulish-ExtraLight.ttf */,
				E3E79B589E7E48BA900FA296 /* Mulish-ExtraLightItalic.ttf */,
				B13965D148664061A1AB5343 /* Mulish-Italic.ttf */,
				C2F20E2676B4426EB9CCBEB2 /* Mulish-Light.ttf */,
				AB1F996FB2504F49978E5548 /* Mulish-LightItalic.ttf */,
				9CD700A998294088A8F5C548 /* Mulish-Medium.ttf */,
				0BC7D5B8156C436380B2A5BF /* Mulish-MediumItalic.ttf */,
				C416A96BC905495B956609CB /* Mulish-Regular.ttf */,
				FD02894CB4984D0E8E73C406 /* Mulish-SemiBold.ttf */,
				269F0B4B698F49988D909BD7 /* Mulish-SemiBoldItalic.ttf */,
			);
			name = Resources;
			sourceTree = "<group>";
			path = "";
		};
/* End PBXGroup section */

/* Begin PBXNativeTarget section */
		13B07F861A680F5B00A75B9A /* filmes_tmdb */ = {
			isa = PBXNativeTarget;
			buildConfigurationList = 13B07F931A680F5B00A75B9A /* Build configuration list for PBXNativeTarget "filmes_tmdb" */;
			buildPhases = (
				C38B50BA6285516D6DCD4F65 /* [CP] Check Pods Manifest.lock */,
				13B07F871A680F5B00A75B9A /* Sources */,
				13B07F8C1A680F5B00A75B9A /* Frameworks */,
				13B07F8E1A680F5B00A75B9A /* Resources */,
				00DD1BFF1BD5951E006B06BC /* Bundle React Native code and images */,
				00EEFC60759A1932668264C0 /* [CP] Embed Pods Frameworks */,
				E235C05ADACE081382539298 /* [CP] Copy Pods Resources */,
			);
			buildRules = (
			);
			dependencies = (
			);
			name = filmes_tmdb;
			productName = filmes_tmdb;
			productReference = 13B07F961A680F5B00A75B9A /* filmes_tmdb.app */;
			productType = "com.apple.product-type.application";
		};
/* End PBXNativeTarget section */

/* Begin PBXProject section */
		83CBB9F71A601CBA00E9B192 /* Project object */ = {
			isa = PBXProject;
			attributes = {
				LastUpgradeCheck = 1210;
				TargetAttributes = {
					13B07F861A680F5B00A75B9A = {
						LastSwiftMigration = 1120;
					};
				};
			};
			buildConfigurationList = 83CBB9FA1A601CBA00E9B192 /* Build configuration list for PBXProject "filmes_tmdb" */;
			compatibilityVersion = "Xcode 12.0";
			developmentRegion = en;
			hasScannedForEncodings = 0;
			knownRegions = (
				en,
				Base,
			);
			mainGroup = 83CBB9F61A601CBA00E9B192;
			productRefGroup = 83CBBA001A601CBA00E9B192 /* Products */;
			projectDirPath = "";
			projectRoot = "";
			targets = (
				13B07F861A680F5B00A75B9A /* filmes_tmdb */,
			);
		};
/* End PBXProject section */

/* Begin PBXResourcesBuildPhase section */
		13B07F8E1A680F5B00A75B9A /* Resources */ = {
			isa = PBXResourcesBuildPhase;
			buildActionMask = 2147483647;
			files = (
				81AB9BB82411601600AC10FF /* LaunchScreen.storyboard in Resources */,
				13B07FBF1A68108700A75B9A /* Images.xcassets in Resources */,
				AD901F90B7514B59AEB2BE44 /* Merriweather-Black.ttf in Resources */,
				645C8331B65C409B9ADFCE13 /* Merriweather-BlackItalic.ttf in Resources */,
				759317DD5570483BA1479CC3 /* Merriweather-Bold.ttf in Resources */,
				C1FB25723A174CB58DD25B58 /* Merriweather-BoldItalic.ttf in Resources */,
				BFA93FEDC76C460690E8003E /* Merriweather-Italic.ttf in Resources */,
				23C7C1F2D96C42AB99156CE3 /* Merriweather-Light.ttf in Resources */,
				14FA1B2CBE03438FA00357ED /* Merriweather-LightItalic.ttf in Resources */,
				14FA9A9B9B564EDAB647DC28 /* Merriweather-Regular.ttf in Resources */,
				C1B663DCF59E4BF897B050F0 /* Mulish-Black.ttf in Resources */,
				246A826DF83449BA8B1BFF34 /* Mulish-BlackItalic.ttf in Resources */,
				DF600EA1836F4C13826FBBA6 /* Mulish-Bold.ttf in Resources */,
				2003C6898BAC407D8F71E46E /* Mulish-BoldItalic.ttf in Resources */,
				FC54527A3DDB457BA7D02162 /* Mulish-ExtraBold.ttf in Resources */,
				03F55BF8971C48439B1547D5 /* Mulish-ExtraBoldItalic.ttf in Resources */,
				9A7F80D90342409AB1B8DB9A /* Mulish-ExtraLight.ttf in Resources */,
				BD46989D5DF64857A66EDFC4 /* Mulish-ExtraLightItalic.ttf in Resources */,
				456748782F2C4A2099E5F6B6 /* Mulish-Italic.ttf in Resources */,
				5F23AEF70FDD470886E2E784 /* Mulish-Light.ttf in Resources */,
				8588FA079AFA4C4CAED6F00D /* Mulish-LightItalic.ttf in Resources */,
				1E6186F58F4F4E4EB4426CBD /* Mulish-Medium.ttf in Resources */,
				C69165B09F344CCD997D7F76 /* Mulish-MediumItalic.ttf in Resources */,
				4FFAD86BF9554C989A1A0321 /* Mulish-Regular.ttf in Resources */,
				E894E8F6F46B4243A71B758C /* Mulish-SemiBold.ttf in Resources */,
				6914D8E3DBD9496DA38B2936 /* Mulish-SemiBoldItalic.ttf in Resources */,
			);
			runOnlyForDeploymentPostprocessing = 0;
		};
/* End PBXResourcesBuildPhase section */

/* Begin PBXShellScriptBuildPhase section */
		00DD1BFF1BD5951E006B06BC /* Bundle React Native code and images */ = {
			isa = PBXShellScriptBuildPhase;
			buildActionMask = 2147483647;
			files = (
			);
			inputPaths = (
				"$(SRCROOT)/.xcode.env.local",
				"$(SRCROOT)/.xcode.env",
			);
			name = "Bundle React Native code and images";
			outputPaths = (
			);
			runOnlyForDeploymentPostprocessing = 0;
			shellPath = /bin/sh;
			shellScript = "set -e\n\nWITH_ENVIRONMENT=\"$REACT_NATIVE_PATH/scripts/xcode/with-environment.sh\"\nREACT_NATIVE_XCODE=\"$REACT_NATIVE_PATH/scripts/react-native-xcode.sh\"\n\n/bin/sh -c \"\\\"$WITH_ENVIRONMENT\\\" \\\"$REACT_NATIVE_XCODE\\\"\"\n";
		};
		00EEFC60759A1932668264C0 /* [CP] Embed Pods Frameworks */ = {
			isa = PBXShellScriptBuildPhase;
			buildActionMask = 2147483647;
			files = (
			);
			inputFileListPaths = (
				"${PODS_ROOT}/Target Support Files/Pods-filmes_tmdb/Pods-filmes_tmdb-frameworks-${CONFIGURATION}-input-files.xcfilelist",
			);
			name = "[CP] Embed Pods Frameworks";
			outputFileListPaths = (
				"${PODS_ROOT}/Target Support Files/Pods-filmes_tmdb/Pods-filmes_tmdb-frameworks-${CONFIGURATION}-output-files.xcfilelist",
			);
			runOnlyForDeploymentPostprocessing = 0;
			shellPath = /bin/sh;
			shellScript = "\"${PODS_ROOT}/Target Support Files/Pods-filmes_tmdb/Pods-filmes_tmdb-frameworks.sh\"\n";
			showEnvVarsInLog = 0;
		};
		C38B50BA6285516D6DCD4F65 /* [CP] Check Pods Manifest.lock */ = {
			isa = PBXShellScriptBuildPhase;
			buildActionMask = 2147483647;
			files = (
			);
			inputFileListPaths = (
			);
			inputPaths = (
				"${PODS_PODFILE_DIR_PATH}/Podfile.lock",
				"${PODS_ROOT}/Manifest.lock",
			);
			name = "[CP] Check Pods Manifest.lock";
			outputFileListPaths = (
			);
			outputPaths = (
				"$(DERIVED_FILE_DIR)/Pods-filmes_tmdb-checkManifestLockResult.txt",
			);
			runOnlyForDeploymentPostprocessing = 0;
			shellPath = /bin/sh;
			shellScript = "diff \"${PODS_PODFILE_DIR_PATH}/Podfile.lock\" \"${PODS_ROOT}/Manifest.lock\" > /dev/null\nif [ $? != 0 ] ; then\n    # print error to STDERR\n    echo \"error: The sandbox is not in sync with the Podfile.lock. Run 'pod install' or update your CocoaPods installation.\" >&2\n    exit 1\nfi\n# This output is used by Xcode 'outputs' to avoid re-running this script phase.\necho \"SUCCESS\" > \"${SCRIPT_OUTPUT_FILE_0}\"\n";
			showEnvVarsInLog = 0;
		};
		E235C05ADACE081382539298 /* [CP] Copy Pods Resources */ = {
			isa = PBXShellScriptBuildPhase;
			buildActionMask = 2147483647;
			files = (
			);
			inputFileListPaths = (
				"${PODS_ROOT}/Target Support Files/Pods-filmes_tmdb/Pods-filmes_tmdb-resources-${CONFIGURATION}-input-files.xcfilelist",
			);
			name = "[CP] Copy Pods Resources";
			outputFileListPaths = (
				"${PODS_ROOT}/Target Support Files/Pods-filmes_tmdb/Pods-filmes_tmdb-resources-${CONFIGURATION}-output-files.xcfilelist",
			);
			runOnlyForDeploymentPostprocessing = 0;
			shellPath = /bin/sh;
			shellScript = "\"${PODS_ROOT}/Target Support Files/Pods-filmes_tmdb/Pods-filmes_tmdb-resources.sh\"\n";
			showEnvVarsInLog = 0;
		};
/* End PBXShellScriptBuildPhase section */

/* Begin PBXSourcesBuildPhase section */
		13B07F871A680F5B00A75B9A /* Sources */ = {
			isa = PBXSourcesBuildPhase;
			buildActionMask = 2147483647;
			files = (
				761780ED2CA45674006654EE /* AppDelegate.swift in Sources */,
			);
			runOnlyForDeploymentPostprocessing = 0;
		};
/* End PBXSourcesBuildPhase section */

/* Begin XCBuildConfiguration section */
		13B07F941A680F5B00A75B9A /* Debug */ = {
			isa = XCBuildConfiguration;
			baseConfigurationReference = 3B4392A12AC88292D35C810B /* Pods-filmes_tmdb.debug.xcconfig */;
			buildSettings = {
				ASSETCATALOG_COMPILER_APPICON_NAME = AppIcon;
				CLANG_ENABLE_MODULES = YES;
				CURRENT_PROJECT_VERSION = 1;
				ENABLE_BITCODE = NO;
				INFOPLIST_FILE = filmes_tmdb/Info.plist;
				IPHONEOS_DEPLOYMENT_TARGET = 15.1;
				LD_RUNPATH_SEARCH_PATHS = (
					"$(inherited)",
					"@executable_path/Frameworks",
				);
				MARKETING_VERSION = 1.0;
				OTHER_LDFLAGS = (
					"$(inherited)",
					"-ObjC",
					"-lc++",
				);
				PRODUCT_BUNDLE_IDENTIFIER = "org.reactjs.native.example.$(PRODUCT_NAME:rfc1034identifier)";
				PRODUCT_NAME = filmes_tmdb;
				SUPPORTED_PLATFORMS = "iphoneos iphonesimulator";
				SWIFT_OPTIMIZATION_LEVEL = "-Onone";
				SWIFT_VERSION = 5.0;
				TARGETED_DEVICE_FAMILY = "1,2";
				VERSIONING_SYSTEM = "apple-generic";
			};
			name = Debug;
		};
		13B07F951A680F5B00A75B9A /* Release */ = {
			isa = XCBuildConfiguration;
			baseConfigurationReference = 5709B34CF0A7D63546082F79 /* Pods-filmes_tmdb.release.xcconfig */;
			buildSettings = {
				ASSETCATALOG_COMPILER_APPICON_NAME = AppIcon;
				CLANG_ENABLE_MODULES = YES;
				CURRENT_PROJECT_VERSION = 1;
				INFOPLIST_FILE = filmes_tmdb/Info.plist;
				IPHONEOS_DEPLOYMENT_TARGET = 15.1;
				LD_RUNPATH_SEARCH_PATHS = (
					"$(inherited)",
					"@executable_path/Frameworks",
				);
				MARKETING_VERSION = 1.0;
				OTHER_LDFLAGS = (
					"$(inherited)",
					"-ObjC",
					"-lc++",
				);
				PRODUCT_BUNDLE_IDENTIFIER = "org.reactjs.native.example.$(PRODUCT_NAME:rfc1034identifier)";
				PRODUCT_NAME = filmes_tmdb;
				SUPPORTED_PLATFORMS = "iphoneos iphonesimulator";
				SWIFT_VERSION = 5.0;
				TARGETED_DEVICE_FAMILY = "1,2";
				VERSIONING_SYSTEM = "apple-generic";
			};
			name = Release;
		};
		83CBBA201A601CBA00E9B192 /* Debug */ = {
			isa = XCBuildConfiguration;
			buildSettings = {
				ALWAYS_SEARCH_USER_PATHS = NO;
				CLANG_ANALYZER_LOCALIZABILITY_NONLOCALIZED = YES;
				CLANG_CXX_LANGUAGE_STANDARD = "c++20";
				CLANG_CXX_LIBRARY = "libc++";
				CLANG_ENABLE_MODULES = YES;
				CLANG_ENABLE_OBJC_ARC = YES;
				CLANG_WARN_BLOCK_CAPTURE_AUTORELEASING = YES;
				CLANG_WARN_BOOL_CONVERSION = YES;
				CLANG_WARN_COMMA = YES;
				CLANG_WARN_CONSTANT_CONVERSION = YES;
				CLANG_WARN_DEPRECATED_OBJC_IMPLEMENTATIONS = YES;
				CLANG_WARN_DIRECT_OBJC_ISA_USAGE = YES_ERROR;
				CLANG_WARN_EMPTY_BODY = YES;
				CLANG_WARN_ENUM_CONVERSION = YES;
				CLANG_WARN_INFINITE_RECURSION = YES;
				CLANG_WARN_INT_CONVERSION = YES;
				CLANG_WARN_NON_LITERAL_NULL_CONVERSION = YES;
				CLANG_WARN_OBJC_IMPLICIT_RETAIN_SELF = YES;
				CLANG_WARN_OBJC_LITERAL_CONVERSION = YES;
				CLANG_WARN_OBJC_ROOT_CLASS = YES_ERROR;
				CLANG_WARN_QUOTED_INCLUDE_IN_FRAMEWORK_HEADER = YES;
				CLANG_WARN_RANGE_LOOP_ANALYSIS = YES;
				CLANG_WARN_STRICT_PROTOTYPES = YES;
				CLANG_WARN_SUSPICIOUS_MOVE = YES;
				CLANG_WARN_UNREACHABLE_CODE = YES;
				CLANG_WARN__DUPLICATE_METHOD_MATCH = YES;
				"CODE_SIGN_IDENTITY[sdk=iphoneos*]" = "iPhone Developer";
				COPY_PHASE_STRIP = NO;
				ENABLE_STRICT_OBJC_MSGSEND = YES;
				ENABLE_TESTABILITY = YES;
				"EXCLUDED_ARCHS[sdk=iphonesimulator*]" = "";
				GCC_C_LANGUAGE_STANDARD = gnu99;
				GCC_DYNAMIC_NO_PIC = NO;
				GCC_NO_COMMON_BLOCKS = YES;
				GCC_OPTIMIZATION_LEVEL = 0;
				GCC_PREPROCESSOR_DEFINITIONS = (
					"DEBUG=1",
					"$(inherited)",
				);
				GCC_SYMBOLS_PRIVATE_EXTERN = NO;
				GCC_WARN_64_TO_32_BIT_CONVERSION = YES;
				GCC_WARN_ABOUT_RETURN_TYPE = YES_ERROR;
				GCC_WARN_UNDECLARED_SELECTOR = YES;
				GCC_WARN_UNINITIALIZED_AUTOS = YES_AGGRESSIVE;
				GCC_WARN_UNUSED_FUNCTION = YES;
				GCC_WARN_UNUSED_VARIABLE = YES;
				IPHONEOS_DEPLOYMENT_TARGET = 15.1;
				LD_RUNPATH_SEARCH_PATHS = (
					/usr/lib/swift,
					"$(inherited)",
				);
				LIBRARY_SEARCH_PATHS = (
					"\"$(SDKROOT)/usr/lib/swift\"",
					"\"$(TOOLCHAIN_DIR)/usr/lib/swift/$(PLATFORM_NAME)\"",
					"\"$(inherited)\"",
				);
				MTL_ENABLE_DEBUG_INFO = YES;
				ONLY_ACTIVE_ARCH = YES;
				OTHER_CPLUSPLUSFLAGS = (
					"$(OTHER_CFLAGS)",
					"-DFOLLY_NO_CONFIG",
					"-DFOLLY_MOBILE=1",
					"-DFOLLY_USE_LIBCPP=1",
					"-DFOLLY_CFG_NO_COROUTINES=1",
					"-DFOLLY_HAVE_CLOCK_GETTIME=1",
				);
				SDKROOT = iphoneos;
			};
			name = Debug;
		};
		83CBBA211A601CBA00E9B192 /* Release */ = {
			isa = XCBuildConfiguration;
			buildSettings = {
				ALWAYS_SEARCH_USER_PATHS = NO;
				CLANG_ANALYZER_LOCALIZABILITY_NONLOCALIZED = YES;
				CLANG_CXX_LANGUAGE_STANDARD = "c++20";
				CLANG_CXX_LIBRARY = "libc++";
				CLANG_ENABLE_MODULES = YES;
				CLANG_ENABLE_OBJC_ARC = YES;
				CLANG_WARN_BLOCK_CAPTURE_AUTORELEASING = YES;
				CLANG_WARN_BOOL_CONVERSION = YES;
				CLANG_WARN_COMMA = YES;
				CLANG_WARN_CONSTANT_CONVERSION = YES;
				CLANG_WARN_DEPRECATED_OBJC_IMPLEMENTATIONS = YES;
				CLANG_WARN_DIRECT_OBJC_ISA_USAGE = YES_ERROR;
				CLANG_WARN_EMPTY_BODY = YES;
				CLANG_WARN_ENUM_CONVERSION = YES;
				CLANG_WARN_INFINITE_RECURSION = YES;
				CLANG_WARN_INT_CONVERSION = YES;
				CLANG_WARN_NON_LITERAL_NULL_CONVERSION = YES;
				CLANG_WARN_OBJC_IMPLICIT_RETAIN_SELF = YES;
				CLANG_WARN_OBJC_LITERAL_CONVERSION = YES;
				CLANG_WARN_OBJC_ROOT_CLASS = YES_ERROR;
				CLANG_WARN_QUOTED_INCLUDE_IN_FRAMEWORK_HEADER = YES;
				CLANG_WARN_RANGE_LOOP_ANALYSIS = YES;
				CLANG_WARN_STRICT_PROTOTYPES = YES;
				CLANG_WARN_SUSPICIOUS_MOVE = YES;
				CLANG_WARN_UNREACHABLE_CODE = YES;
				CLANG_WARN__DUPLICATE_METHOD_MATCH = YES;
				"CODE_SIGN_IDENTITY[sdk=iphoneos*]" = "iPhone Developer";
				COPY_PHASE_STRIP = YES;
				ENABLE_NS_ASSERTIONS = NO;
				ENABLE_STRICT_OBJC_MSGSEND = YES;
				"EXCLUDED_ARCHS[sdk=iphonesimulator*]" = "";
				GCC_C_LANGUAGE_STANDARD = gnu99;
				GCC_NO_COMMON_BLOCKS = YES;
				GCC_WARN_64_TO_32_BIT_CONVERSION = YES;
				GCC_WARN_ABOUT_RETURN_TYPE = YES_ERROR;
				GCC_WARN_UNDECLARED_SELECTOR = YES;
				GCC_WARN_UNINITIALIZED_AUTOS = YES_AGGRESSIVE;
				GCC_WARN_UNUSED_FUNCTION = YES;
				GCC_WARN_UNUSED_VARIABLE = YES;
				IPHONEOS_DEPLOYMENT_TARGET = 15.1;
				LD_RUNPATH_SEARCH_PATHS = (
					/usr/lib/swift,
					"$(inherited)",
				);
				LIBRARY_SEARCH_PATHS = (
					"\"$(SDKROOT)/usr/lib/swift\"",
					"\"$(TOOLCHAIN_DIR)/usr/lib/swift/$(PLATFORM_NAME)\"",
					"\"$(inherited)\"",
				);
				MTL_ENABLE_DEBUG_INFO = NO;
				OTHER_CPLUSPLUSFLAGS = (
					"$(OTHER_CFLAGS)",
					"-DFOLLY_NO_CONFIG",
					"-DFOLLY_MOBILE=1",
					"-DFOLLY_USE_LIBCPP=1",
					"-DFOLLY_CFG_NO_COROUTINES=1",
					"-DFOLLY_HAVE_CLOCK_GETTIME=1",
				);
				SDKROOT = iphoneos;
				VALIDATE_PRODUCT = YES;
			};
			name = Release;
		};
/* End XCBuildConfiguration section */

/* Begin XCConfigurationList section */
		13B07F931A680F5B00A75B9A /* Build configuration list for PBXNativeTarget "filmes_tmdb" */ = {
			isa = XCConfigurationList;
			buildConfigurations = (
				13B07F941A680F5B00A75B9A /* Debug */,
				13B07F951A680F5B00A75B9A /* Release */,
			);
			defaultConfigurationIsVisible = 0;
			defaultConfigurationName = Release;
		};
		83CBB9FA1A601CBA00E9B192 /* Build configuration list for PBXProject "filmes_tmdb" */ = {
			isa = XCConfigurationList;
			buildConfigurations = (
				83CBBA201A601CBA00E9B192 /* Debug */,
				83CBBA211A601CBA00E9B192 /* Release */,
			);
			defaultConfigurationIsVisible = 0;
			defaultConfigurationName = Release;
		};
/* End XCConfigurationList section */
	};
	rootObject = 83CBB9F71A601CBA00E9B192 /* Project object */;
}
